PODS:
  - ImageViewer.swift (3.3.8)
  - IQKeyboardManagerSwift (6.5.11)

DEPENDENCIES:
  - ImageViewer.swift (~> 3.0)
  - IQKeyboardManagerSwift

SPEC REPOS:
  trunk:
    - ImageViewer.swift
    - IQKeyboardManagerSwift

SPEC CHECKSUMS:
  ImageViewer.swift: 284cd8127d31af8e5938674fb9f8e695a4cdf6c6
  IQKeyboardManagerSwift: c7955c0bdbf7b2eb29bb7daaa44e3d90f55a9a85

PODFILE CHECKSUM: 1248a4ce101461f226916d562144e7276af6f2bc

COCOAPODS: 1.11.3
