// !$*UTF8*$!
{
	archiveVersion = 1;
	classes = {
	};
	objectVersion = 55;
	objects = {

/* Begin PBXBuildFile section */
		5E116E1F29AD7212008119D0 /* RegisterEditVC.swift in Sources */ = {isa = PBXBuildFile; fileRef = 5E116E1E29AD7212008119D0 /* RegisterEditVC.swift */; };
		5E18374529D25CDB00B94E8B /* UIColorExtension.swift in Sources */ = {isa = PBXBuildFile; fileRef = 5E18374429D25CDB00B94E8B /* UIColorExtension.swift */; };
		5E18374729D25D3000B94E8B /* UIImageExtension.swift in Sources */ = {isa = PBXBuildFile; fileRef = 5E18374629D25D3000B94E8B /* UIImageExtension.swift */; };
		5E18374929D25D6A00B94E8B /* URLExtension.swift in Sources */ = {isa = PBXBuildFile; fileRef = 5E18374829D25D6A00B94E8B /* URLExtension.swift */; };
		5E18374B29D25DB000B94E8B /* CGImageExtension.swift in Sources */ = {isa = PBXBuildFile; fileRef = 5E18374A29D25DB000B94E8B /* CGImageExtension.swift */; };
		5E7BB83729B54A5600B1006F /* DetailVC.swift in Sources */ = {isa = PBXBuildFile; fileRef = 5E7BB83629B54A5600B1006F /* DetailVC.swift */; };
		5E7BB83929B5610F00B1006F /* DetailsImageCell.swift in Sources */ = {isa = PBXBuildFile; fileRef = 5E7BB83829B5610F00B1006F /* DetailsImageCell.swift */; };
		5E7C607D29AFEA41008AA49B /* SelectedImageCell.swift in Sources */ = {isa = PBXBuildFile; fileRef = 5E7C607C29AFEA40008AA49B /* SelectedImageCell.swift */; };
		5E9E560629B82D9F0094BDD7 /* ModelView.swift in Sources */ = {isa = PBXBuildFile; fileRef = 5E9E560529B82D9F0094BDD7 /* ModelView.swift */; };
		5E9FB2F129BD673D00AE4450 /* MapVC.swift in Sources */ = {isa = PBXBuildFile; fileRef = 5E9FB2F029BD673D00AE4450 /* MapVC.swift */; };
		5EB3C8CA29A45834006425AA /* RecordCell.swift in Sources */ = {isa = PBXBuildFile; fileRef = 5EB3C8C929A45834006425AA /* RecordCell.swift */; };
		5ED04B7E2996CBCD00457D1F /* AppDelegate.swift in Sources */ = {isa = PBXBuildFile; fileRef = 5ED04B7D2996CBCD00457D1F /* AppDelegate.swift */; };
		5ED04B802996CBCD00457D1F /* SceneDelegate.swift in Sources */ = {isa = PBXBuildFile; fileRef = 5ED04B7F2996CBCD00457D1F /* SceneDelegate.swift */; };
		5ED04B822996CBCD00457D1F /* TableViewController.swift in Sources */ = {isa = PBXBuildFile; fileRef = 5ED04B812996CBCD00457D1F /* TableViewController.swift */; };
		5ED04B852996CBCD00457D1F /* Main.storyboard in Resources */ = {isa = PBXBuildFile; fileRef = 5ED04B832996CBCD00457D1F /* Main.storyboard */; };
		5ED04B882996CBCD00457D1F /* MapDiary.xcdatamodeld in Sources */ = {isa = PBXBuildFile; fileRef = 5ED04B862996CBCD00457D1F /* MapDiary.xcdatamodeld */; };
		5ED04B8A2996CBD500457D1F /* Assets.xcassets in Resources */ = {isa = PBXBuildFile; fileRef = 5ED04B892996CBD500457D1F /* Assets.xcassets */; };
		5ED04B8D2996CBD500457D1F /* LaunchScreen.storyboard in Resources */ = {isa = PBXBuildFile; fileRef = 5ED04B8B2996CBD500457D1F /* LaunchScreen.storyboard */; };
		A6A0EC950F1C31752811A630 /* Pods_MapDiary.framework in Frameworks */ = {isa = PBXBuildFile; fileRef = 38DD37EEB632367E35E817CC /* Pods_MapDiary.framework */; };
/* End PBXBuildFile section */

/* Begin PBXFileReference section */
		38DD37EEB632367E35E817CC /* Pods_MapDiary.framework */ = {isa = PBXFileReference; explicitFileType = wrapper.framework; includeInIndex = 0; path = Pods_MapDiary.framework; sourceTree = BUILT_PRODUCTS_DIR; };
		5E116E1E29AD7212008119D0 /* RegisterEditVC.swift */ = {isa = PBXFileReference; lastKnownFileType = sourcecode.swift; path = RegisterEditVC.swift; sourceTree = "<group>"; };
		5E18374429D25CDB00B94E8B /* UIColorExtension.swift */ = {isa = PBXFileReference; lastKnownFileType = sourcecode.swift; path = UIColorExtension.swift; sourceTree = "<group>"; };
		5E18374629D25D3000B94E8B /* UIImageExtension.swift */ = {isa = PBXFileReference; lastKnownFileType = sourcecode.swift; path = UIImageExtension.swift; sourceTree = "<group>"; };
		5E18374829D25D6A00B94E8B /* URLExtension.swift */ = {isa = PBXFileReference; lastKnownFileType = sourcecode.swift; path = URLExtension.swift; sourceTree = "<group>"; };
		5E18374A29D25DB000B94E8B /* CGImageExtension.swift */ = {isa = PBXFileReference; lastKnownFileType = sourcecode.swift; path = CGImageExtension.swift; sourceTree = "<group>"; };
		5E7BB83629B54A5600B1006F /* DetailVC.swift */ = {isa = PBXFileReference; lastKnownFileType = sourcecode.swift; path = DetailVC.swift; sourceTree = "<group>"; };
		5E7BB83829B5610F00B1006F /* DetailsImageCell.swift */ = {isa = PBXFileReference; lastKnownFileType = sourcecode.swift; path = DetailsImageCell.swift; sourceTree = "<group>"; };
		5E7C607C29AFEA40008AA49B /* SelectedImageCell.swift */ = {isa = PBXFileReference; lastKnownFileType = sourcecode.swift; path = SelectedImageCell.swift; sourceTree = "<group>"; };
		5E9E560529B82D9F0094BDD7 /* ModelView.swift */ = {isa = PBXFileReference; lastKnownFileType = sourcecode.swift; path = ModelView.swift; sourceTree = "<group>"; };
		5E9FB2F029BD673D00AE4450 /* MapVC.swift */ = {isa = PBXFileReference; lastKnownFileType = sourcecode.swift; path = MapVC.swift; sourceTree = "<group>"; };
		5EB3C8C929A45834006425AA /* RecordCell.swift */ = {isa = PBXFileReference; lastKnownFileType = sourcecode.swift; path = RecordCell.swift; sourceTree = "<group>"; };
		5ED04B7A2996CBCD00457D1F /* MapDiary.app */ = {isa = PBXFileReference; explicitFileType = wrapper.application; includeInIndex = 0; path = MapDiary.app; sourceTree = BUILT_PRODUCTS_DIR; };
		5ED04B7D2996CBCD00457D1F /* AppDelegate.swift */ = {isa = PBXFileReference; lastKnownFileType = sourcecode.swift; path = AppDelegate.swift; sourceTree = "<group>"; };
		5ED04B7F2996CBCD00457D1F /* SceneDelegate.swift */ = {isa = PBXFileReference; lastKnownFileType = sourcecode.swift; path = SceneDelegate.swift; sourceTree = "<group>"; };
		5ED04B812996CBCD00457D1F /* TableViewController.swift */ = {isa = PBXFileReference; lastKnownFileType = sourcecode.swift; path = TableViewController.swift; sourceTree = "<group>"; };
		5ED04B842996CBCD00457D1F /* Base */ = {isa = PBXFileReference; lastKnownFileType = file.storyboard; name = Base; path = Base.lproj/Main.storyboard; sourceTree = "<group>"; };
		5ED04B872996CBCD00457D1F /* MapDiary.xcdatamodel */ = {isa = PBXFileReference; lastKnownFileType = wrapper.xcdatamodel; path = MapDiary.xcdatamodel; sourceTree = "<group>"; };
		5ED04B892996CBD500457D1F /* Assets.xcassets */ = {isa = PBXFileReference; lastKnownFileType = folder.assetcatalog; path = Assets.xcassets; sourceTree = "<group>"; };
		5ED04B8C2996CBD500457D1F /* Base */ = {isa = PBXFileReference; lastKnownFileType = file.storyboard; name = Base; path = Base.lproj/LaunchScreen.storyboard; sourceTree = "<group>"; };
		5ED04B8E2996CBD500457D1F /* Info.plist */ = {isa = PBXFileReference; lastKnownFileType = text.plist.xml; path = Info.plist; sourceTree = "<group>"; };
		7E395A166603301DA66AB8D5 /* Pods-MapDiary.release.xcconfig */ = {isa = PBXFileReference; includeInIndex = 1; lastKnownFileType = text.xcconfig; name = "Pods-MapDiary.release.xcconfig"; path = "Target Support Files/Pods-MapDiary/Pods-MapDiary.release.xcconfig"; sourceTree = "<group>"; };
		8ABFCDAB59C994A60EA3C0F7 /* Pods-MapDiary.debug.xcconfig */ = {isa = PBXFileReference; includeInIndex = 1; lastKnownFileType = text.xcconfig; name = "Pods-MapDiary.debug.xcconfig"; path = "Target Support Files/Pods-MapDiary/Pods-MapDiary.debug.xcconfig"; sourceTree = "<group>"; };
/* End PBXFileReference section */

/* Begin PBXFrameworksBuildPhase section */
		5ED04B772996CBCD00457D1F /* Frameworks */ = {
			isa = PBXFrameworksBuildPhase;
			buildActionMask = 2147483647;
			files = (
				A6A0EC950F1C31752811A630 /* Pods_MapDiary.framework in Frameworks */,
			);
			runOnlyForDeploymentPostprocessing = 0;
		};
/* End PBXFrameworksBuildPhase section */

/* Begin PBXGroup section */
		524A472077B34A1AE08EF3A7 /* Frameworks */ = {
			isa = PBXGroup;
			children = (
				38DD37EEB632367E35E817CC /* Pods_MapDiary.framework */,
			);
			name = Frameworks;
			sourceTree = "<group>";
		};
		5D69E0C7DF23367C79B1EBD2 /* Pods */ = {
			isa = PBXGroup;
			children = (
				8ABFCDAB59C994A60EA3C0F7 /* Pods-MapDiary.debug.xcconfig */,
				7E395A166603301DA66AB8D5 /* Pods-MapDiary.release.xcconfig */,
			);
			path = Pods;
			sourceTree = "<group>";
		};
		5E18374C29D25DDC00B94E8B /* Helper */ = {
			isa = PBXGroup;
			children = (
				5E18374429D25CDB00B94E8B /* UIColorExtension.swift */,
				5E18374A29D25DB000B94E8B /* CGImageExtension.swift */,
				5E18374629D25D3000B94E8B /* UIImageExtension.swift */,
				5E18374829D25D6A00B94E8B /* URLExtension.swift */,
			);
			name = Helper;
			path = Helper/Helper;
			sourceTree = "<group>";
		};
		5E18374F29D25E2D00B94E8B /* Model */ = {
			isa = PBXGroup;
			children = (
				5E9E560529B82D9F0094BDD7 /* ModelView.swift */,
			);
			path = Model;
			sourceTree = "<group>";
		};
		5E18375029D25E4A00B94E8B /* View */ = {
			isa = PBXGroup;
			children = (
				5ED04B832996CBCD00457D1F /* Main.storyboard */,
			);
			path = View;
			sourceTree = "<group>";
		};
		5E92A45E29CA754900BADC38 /* Controller */ = {
			isa = PBXGroup;
			children = (
				5EF27F1529DD223600D6F23E /* Cells */,
				5ED04B812996CBCD00457D1F /* TableViewController.swift */,
				5E116E1E29AD7212008119D0 /* RegisterEditVC.swift */,
				5E7BB83629B54A5600B1006F /* DetailVC.swift */,
				5E9FB2F029BD673D00AE4450 /* MapVC.swift */,
			);
			path = Controller;
			sourceTree = "<group>";
		};
		5ED04B712996CBCD00457D1F = {
			isa = PBXGroup;
			children = (
				5ED04B7C2996CBCD00457D1F /* MapDiary */,
				5ED04B7B2996CBCD00457D1F /* Products */,
				5D69E0C7DF23367C79B1EBD2 /* Pods */,
				524A472077B34A1AE08EF3A7 /* Frameworks */,
			);
			sourceTree = "<group>";
		};
		5ED04B7B2996CBCD00457D1F /* Products */ = {
			isa = PBXGroup;
			children = (
				5ED04B7A2996CBCD00457D1F /* MapDiary.app */,
			);
			name = Products;
			sourceTree = "<group>";
		};
		5ED04B7C2996CBCD00457D1F /* MapDiary */ = {
			isa = PBXGroup;
			children = (
				5ED04B7D2996CBCD00457D1F /* AppDelegate.swift */,
				5ED04B7F2996CBCD00457D1F /* SceneDelegate.swift */,
				5ED04B892996CBD500457D1F /* Assets.xcassets */,
				5E18374F29D25E2D00B94E8B /* Model */,
				5E18375029D25E4A00B94E8B /* View */,
				5E92A45E29CA754900BADC38 /* Controller */,
				5E18374C29D25DDC00B94E8B /* Helper */,
				5ED04B8B2996CBD500457D1F /* LaunchScreen.storyboard */,
				5ED04B8E2996CBD500457D1F /* Info.plist */,
				5ED04B862996CBCD00457D1F /* MapDiary.xcdatamodeld */,
			);
			path = MapDiary;
			sourceTree = "<group>";
		};
		5EF27F1529DD223600D6F23E /* Cells */ = {
			isa = PBXGroup;
			children = (
				5EB3C8C929A45834006425AA /* RecordCell.swift */,
				5E7C607C29AFEA40008AA49B /* SelectedImageCell.swift */,
				5E7BB83829B5610F00B1006F /* DetailsImageCell.swift */,
			);
			path = Cells;
			sourceTree = "<group>";
		};
/* End PBXGroup section */

/* Begin PBXNativeTarget section */
		5ED04B792996CBCD00457D1F /* MapDiary */ = {
			isa = PBXNativeTarget;
			buildConfigurationList = 5ED04B912996CBD500457D1F /* Build configuration list for PBXNativeTarget "MapDiary" */;
			buildPhases = (
				D30C07922E61450CD85F8D63 /* [CP] Check Pods Manifest.lock */,
				5ED04B762996CBCD00457D1F /* Sources */,
				5ED04B772996CBCD00457D1F /* Frameworks */,
				5ED04B782996CBCD00457D1F /* Resources */,
				C8A58003E4C811780E71E577 /* [CP] Embed Pods Frameworks */,
			);
			buildRules = (
			);
			dependencies = (
			);
			name = MapDiary;
			productName = MapDiary;
			productReference = 5ED04B7A2996CBCD00457D1F /* MapDiary.app */;
			productType = "com.apple.product-type.application";
		};
/* End PBXNativeTarget section */

/* Begin PBXProject section */
		5ED04B722996CBCD00457D1F /* Project object */ = {
			isa = PBXProject;
			attributes = {
				BuildIndependentTargetsInParallel = 1;
				LastSwiftUpdateCheck = 1340;
				LastUpgradeCheck = 1340;
				TargetAttributes = {
					5ED04B792996CBCD00457D1F = {
						CreatedOnToolsVersion = 13.4;
					};
				};
			};
			buildConfigurationList = 5ED04B752996CBCD00457D1F /* Build configuration list for PBXProject "MapDiary" */;
			compatibilityVersion = "Xcode 13.0";
			developmentRegion = en;
			hasScannedForEncodings = 0;
			knownRegions = (
				en,
				Base,
			);
			mainGroup = 5ED04B712996CBCD00457D1F;
			productRefGroup = 5ED04B7B2996CBCD00457D1F /* Products */;
			projectDirPath = "";
			projectRoot = "";
			targets = (
				5ED04B792996CBCD00457D1F /* MapDiary */,
			);
		};
/* End PBXProject section */

/* Begin PBXResourcesBuildPhase section */
		5ED04B782996CBCD00457D1F /* Resources */ = {
			isa = PBXResourcesBuildPhase;
			buildActionMask = 2147483647;
			files = (
				5ED04B8D2996CBD500457D1F /* LaunchScreen.storyboard in Resources */,
				5ED04B8A2996CBD500457D1F /* Assets.xcassets in Resources */,
				5ED04B852996CBCD00457D1F /* Main.storyboard in Resources */,
			);
			runOnlyForDeploymentPostprocessing = 0;
		};
/* End PBXResourcesBuildPhase section */

/* Begin PBXShellScriptBuildPhase section */
		C8A58003E4C811780E71E577 /* [CP] Embed Pods Frameworks */ = {
			isa = PBXShellScriptBuildPhase;
			buildActionMask = 2147483647;
			files = (
			);
			inputFileListPaths = (
				"${PODS_ROOT}/Target Support Files/Pods-MapDiary/Pods-MapDiary-frameworks-${CONFIGURATION}-input-files.xcfilelist",
			);
			name = "[CP] Embed Pods Frameworks";
			outputFileListPaths = (
				"${PODS_ROOT}/Target Support Files/Pods-MapDiary/Pods-MapDiary-frameworks-${CONFIGURATION}-output-files.xcfilelist",
			);
			runOnlyForDeploymentPostprocessing = 0;
			shellPath = /bin/sh;
			shellScript = "\"${PODS_ROOT}/Target Support Files/Pods-MapDiary/Pods-MapDiary-frameworks.sh\"\n";
			showEnvVarsInLog = 0;
		};
		D30C07922E61450CD85F8D63 /* [CP] Check Pods Manifest.lock */ = {
			isa = PBXShellScriptBuildPhase;
			buildActionMask = 2147483647;
			files = (
			);
			inputFileListPaths = (
			);
			inputPaths = (
				"${PODS_PODFILE_DIR_PATH}/Podfile.lock",
				"${PODS_ROOT}/Manifest.lock",
			);
			name = "[CP] Check Pods Manifest.lock";
			outputFileListPaths = (
			);
			outputPaths = (
				"$(DERIVED_FILE_DIR)/Pods-MapDiary-checkManifestLockResult.txt",
			);
			runOnlyForDeploymentPostprocessing = 0;
			shellPath = /bin/sh;
			shellScript = "diff \"${PODS_PODFILE_DIR_PATH}/Podfile.lock\" \"${PODS_ROOT}/Manifest.lock\" > /dev/null\nif [ $? != 0 ] ; then\n    # print error to STDERR\n    echo \"error: The sandbox is not in sync with the Podfile.lock. Run 'pod install' or update your CocoaPods installation.\" >&2\n    exit 1\nfi\n# This output is used by Xcode 'outputs' to avoid re-running this script phase.\necho \"SUCCESS\" > \"${SCRIPT_OUTPUT_FILE_0}\"\n";
			showEnvVarsInLog = 0;
		};
/* End PBXShellScriptBuildPhase section */

/* Begin PBXSourcesBuildPhase section */
		5ED04B762996CBCD00457D1F /* Sources */ = {
			isa = PBXSourcesBuildPhase;
			buildActionMask = 2147483647;
			files = (
				5ED04B882996CBCD00457D1F /* MapDiary.xcdatamodeld in Sources */,
				5E9FB2F129BD673D00AE4450 /* MapVC.swift in Sources */,
				5E18374529D25CDB00B94E8B /* UIColorExtension.swift in Sources */,
				5ED04B822996CBCD00457D1F /* TableViewController.swift in Sources */,
				5E7BB83929B5610F00B1006F /* DetailsImageCell.swift in Sources */,
				5E116E1F29AD7212008119D0 /* RegisterEditVC.swift in Sources */,
				5E9E560629B82D9F0094BDD7 /* ModelView.swift in Sources */,
				5E18374729D25D3000B94E8B /* UIImageExtension.swift in Sources */,
				5ED04B7E2996CBCD00457D1F /* AppDelegate.swift in Sources */,
				5ED04B802996CBCD00457D1F /* SceneDelegate.swift in Sources */,
				5E18374B29D25DB000B94E8B /* CGImageExtension.swift in Sources */,
				5E7BB83729B54A5600B1006F /* DetailVC.swift in Sources */,
				5E18374929D25D6A00B94E8B /* URLExtension.swift in Sources */,
				5E7C607D29AFEA41008AA49B /* SelectedImageCell.swift in Sources */,
				5EB3C8CA29A45834006425AA /* RecordCell.swift in Sources */,
			);
			runOnlyForDeploymentPostprocessing = 0;
		};
/* End PBXSourcesBuildPhase section */

/* Begin PBXVariantGroup section */
		5ED04B832996CBCD00457D1F /* Main.storyboard */ = {
			isa = PBXVariantGroup;
			children = (
				5ED04B842996CBCD00457D1F /* Base */,
			);
			name = Main.storyboard;
			sourceTree = "<group>";
		};
		5ED04B8B2996CBD500457D1F /* LaunchScreen.storyboard */ = {
			isa = PBXVariantGroup;
			children = (
				5ED04B8C2996CBD500457D1F /* Base */,
			);
			name = LaunchScreen.storyboard;
			sourceTree = "<group>";
		};
/* End PBXVariantGroup section */

/* Begin XCBuildConfiguration section */
		5ED04B8F2996CBD500457D1F /* Debug */ = {
			isa = XCBuildConfiguration;
			buildSettings = {
				ALWAYS_SEARCH_USER_PATHS = NO;
				CLANG_ANALYZER_NONNULL = YES;
				CLANG_ANALYZER_NUMBER_OBJECT_CONVERSION = YES_AGGRESSIVE;
				CLANG_CXX_LANGUAGE_STANDARD = "gnu++17";
				CLANG_ENABLE_MODULES = YES;
				CLANG_ENABLE_OBJC_ARC = YES;
				CLANG_ENABLE_OBJC_WEAK = YES;
				CLANG_WARN_BLOCK_CAPTURE_AUTORELEASING = YES;
				CLANG_WARN_BOOL_CONVERSION = YES;
				CLANG_WARN_COMMA = YES;
				CLANG_WARN_CONSTANT_CONVERSION = YES;
				CLANG_WARN_DEPRECATED_OBJC_IMPLEMENTATIONS = YES;
				CLANG_WARN_DIRECT_OBJC_ISA_USAGE = YES_ERROR;
				CLANG_WARN_DOCUMENTATION_COMMENTS = YES;
				CLANG_WARN_EMPTY_BODY = YES;
				CLANG_WARN_ENUM_CONVERSION = YES;
				CLANG_WARN_INFINITE_RECURSION = YES;
				CLANG_WARN_INT_CONVERSION = YES;
				CLANG_WARN_NON_LITERAL_NULL_CONVERSION = YES;
				CLANG_WARN_OBJC_IMPLICIT_RETAIN_SELF = YES;
				CLANG_WARN_OBJC_LITERAL_CONVERSION = YES;
				CLANG_WARN_OBJC_ROOT_CLASS = YES_ERROR;
				CLANG_WARN_QUOTED_INCLUDE_IN_FRAMEWORK_HEADER = YES;
				CLANG_WARN_RANGE_LOOP_ANALYSIS = YES;
				CLANG_WARN_STRICT_PROTOTYPES = YES;
				CLANG_WARN_SUSPICIOUS_MOVE = YES;
				CLANG_WARN_UNGUARDED_AVAILABILITY = YES_AGGRESSIVE;
				CLANG_WARN_UNREACHABLE_CODE = YES;
				CLANG_WARN__DUPLICATE_METHOD_MATCH = YES;
				COPY_PHASE_STRIP = NO;
				DEBUG_INFORMATION_FORMAT = dwarf;
				ENABLE_STRICT_OBJC_MSGSEND = YES;
				ENABLE_TESTABILITY = YES;
				GCC_C_LANGUAGE_STANDARD = gnu11;
				GCC_DYNAMIC_NO_PIC = NO;
				GCC_NO_COMMON_BLOCKS = YES;
				GCC_OPTIMIZATION_LEVEL = 0;
				GCC_PREPROCESSOR_DEFINITIONS = (
					"DEBUG=1",
					"$(inherited)",
				);
				GCC_WARN_64_TO_32_BIT_CONVERSION = YES;
				GCC_WARN_ABOUT_RETURN_TYPE = YES_ERROR;
				GCC_WARN_UNDECLARED_SELECTOR = YES;
				GCC_WARN_UNINITIALIZED_AUTOS = YES_AGGRESSIVE;
				GCC_WARN_UNUSED_FUNCTION = YES;
				GCC_WARN_UNUSED_VARIABLE = YES;
				IPHONEOS_DEPLOYMENT_TARGET = 15.5;
				MTL_ENABLE_DEBUG_INFO = INCLUDE_SOURCE;
				MTL_FAST_MATH = YES;
				ONLY_ACTIVE_ARCH = YES;
				SDKROOT = iphoneos;
				SWIFT_ACTIVE_COMPILATION_CONDITIONS = DEBUG;
				SWIFT_OPTIMIZATION_LEVEL = "-Onone";
			};
			name = Debug;
		};
		5ED04B902996CBD500457D1F /* Release */ = {
			isa = XCBuildConfiguration;
			buildSettings = {
				ALWAYS_SEARCH_USER_PATHS = NO;
				CLANG_ANALYZER_NONNULL = YES;
				CLANG_ANALYZER_NUMBER_OBJECT_CONVERSION = YES_AGGRESSIVE;
				CLANG_CXX_LANGUAGE_STANDARD = "gnu++17";
				CLANG_ENABLE_MODULES = YES;
				CLANG_ENABLE_OBJC_ARC = YES;
				CLANG_ENABLE_OBJC_WEAK = YES;
				CLANG_WARN_BLOCK_CAPTURE_AUTORELEASING = YES;
				CLANG_WARN_BOOL_CONVERSION = YES;
				CLANG_WARN_COMMA = YES;
				CLANG_WARN_CONSTANT_CONVERSION = YES;
				CLANG_WARN_DEPRECATED_OBJC_IMPLEMENTATIONS = YES;
				CLANG_WARN_DIRECT_OBJC_ISA_USAGE = YES_ERROR;
				CLANG_WARN_DOCUMENTATION_COMMENTS = YES;
				CLANG_WARN_EMPTY_BODY = YES;
				CLANG_WARN_ENUM_CONVERSION = YES;
				CLANG_WARN_INFINITE_RECURSION = YES;
				CLANG_WARN_INT_CONVERSION = YES;
				CLANG_WARN_NON_LITERAL_NULL_CONVERSION = YES;
				CLANG_WARN_OBJC_IMPLICIT_RETAIN_SELF = YES;
				CLANG_WARN_OBJC_LITERAL_CONVERSION = YES;
				CLANG_WARN_OBJC_ROOT_CLASS = YES_ERROR;
				CLANG_WARN_QUOTED_INCLUDE_IN_FRAMEWORK_HEADER = YES;
				CLANG_WARN_RANGE_LOOP_ANALYSIS = YES;
				CLANG_WARN_STRICT_PROTOTYPES = YES;
				CLANG_WARN_SUSPICIOUS_MOVE = YES;
				CLANG_WARN_UNGUARDED_AVAILABILITY = YES_AGGRESSIVE;
				CLANG_WARN_UNREACHABLE_CODE = YES;
				CLANG_WARN__DUPLICATE_METHOD_MATCH = YES;
				COPY_PHASE_STRIP = NO;
				DEBUG_INFORMATION_FORMAT = "dwarf-with-dsym";
				ENABLE_NS_ASSERTIONS = NO;
				ENABLE_STRICT_OBJC_MSGSEND = YES;
				GCC_C_LANGUAGE_STANDARD = gnu11;
				GCC_NO_COMMON_BLOCKS = YES;
				GCC_WARN_64_TO_32_BIT_CONVERSION = YES;
				GCC_WARN_ABOUT_RETURN_TYPE = YES_ERROR;
				GCC_WARN_UNDECLARED_SELECTOR = YES;
				GCC_WARN_UNINITIALIZED_AUTOS = YES_AGGRESSIVE;
				GCC_WARN_UNUSED_FUNCTION = YES;
				GCC_WARN_UNUSED_VARIABLE = YES;
				IPHONEOS_DEPLOYMENT_TARGET = 15.5;
				MTL_ENABLE_DEBUG_INFO = NO;
				MTL_FAST_MATH = YES;
				SDKROOT = iphoneos;
				SWIFT_COMPILATION_MODE = wholemodule;
				SWIFT_OPTIMIZATION_LEVEL = "-O";
				VALIDATE_PRODUCT = YES;
			};
			name = Release;
		};
		5ED04B922996CBD500457D1F /* Debug */ = {
			isa = XCBuildConfiguration;
			baseConfigurationReference = 8ABFCDAB59C994A60EA3C0F7 /* Pods-MapDiary.debug.xcconfig */;
			buildSettings = {
				ASSETCATALOG_COMPILER_APPICON_NAME = AppIcon;
				ASSETCATALOG_COMPILER_GLOBAL_ACCENT_COLOR_NAME = AccentColor;
				CODE_SIGN_STYLE = Automatic;
				CURRENT_PROJECT_VERSION = 3;
				DEVELOPMENT_TEAM = 83838Q8A6R;
				GENERATE_INFOPLIST_FILE = YES;
				INFOPLIST_FILE = MapDiary/Info.plist;
				INFOPLIST_KEY_CFBundleDisplayName = "Memento Notes";
				INFOPLIST_KEY_NSCameraUsageDescription = "Memento Notes needs access to your camera to take a photo to save it.";
				INFOPLIST_KEY_NSLocationWhenInUseUsageDescription = "Memento Notes needs your location to save your location.";
				INFOPLIST_KEY_NSPhotoLibraryUsageDescription = "Memento Notes needs access to your photo library to save a photo.";
				INFOPLIST_KEY_UIApplicationSupportsIndirectInputEvents = YES;
				INFOPLIST_KEY_UILaunchStoryboardName = LaunchScreen;
				INFOPLIST_KEY_UIMainStoryboardFile = Main;
				INFOPLIST_KEY_UISupportedInterfaceOrientations = "UIInterfaceOrientationPortrait UIInterfaceOrientationLandscapeLeft UIInterfaceOrientationLandscapeRight";
				INFOPLIST_KEY_UISupportedInterfaceOrientations_iPad = "UIInterfaceOrientationPortrait UIInterfaceOrientationPortraitUpsideDown UIInterfaceOrientationLandscapeLeft UIInterfaceOrientationLandscapeRight";
				INFOPLIST_KEY_UISupportedInterfaceOrientations_iPhone = "UIInterfaceOrientationPortrait UIInterfaceOrientationLandscapeLeft UIInterfaceOrientationLandscapeRight";
				LD_RUNPATH_SEARCH_PATHS = (
					"$(inherited)",
					"@executable_path/Frameworks",
				);
				MARKETING_VERSION = 1.0;
				PRODUCT_BUNDLE_IDENTIFIER = canberk.yilmaz439.MementoNotes;
				PRODUCT_NAME = "$(TARGET_NAME)";
				SWIFT_EMIT_LOC_STRINGS = YES;
				SWIFT_VERSION = 5.0;
				TARGETED_DEVICE_FAMILY = "1,2";
			};
			name = Debug;
		};
		5ED04B932996CBD500457D1F /* Release */ = {
			isa = XCBuildConfiguration;
			baseConfigurationReference = 7E395A166603301DA66AB8D5 /* Pods-MapDiary.release.xcconfig */;
			buildSettings = {
				ASSETCATALOG_COMPILER_APPICON_NAME = AppIcon;
				ASSETCATALOG_COMPILER_GLOBAL_ACCENT_COLOR_NAME = AccentColor;
				CODE_SIGN_STYLE = Automatic;
				CURRENT_PROJECT_VERSION = 3;
				DEVELOPMENT_TEAM = 83838Q8A6R;
				GENERATE_INFOPLIST_FILE = YES;
				INFOPLIST_FILE = MapDiary/Info.plist;
				INFOPLIST_KEY_CFBundleDisplayName = "Memento Notes";
				INFOPLIST_KEY_NSCameraUsageDescription = "Memento Notes needs access to your camera to take a photo to save it.";
				INFOPLIST_KEY_NSLocationWhenInUseUsageDescription = "Memento Notes needs your location to save your location.";
				INFOPLIST_KEY_NSPhotoLibraryUsageDescription = "Memento Notes needs access to your photo library to save a photo.";
				INFOPLIST_KEY_UIApplicationSupportsIndirectInputEvents = YES;
				INFOPLIST_KEY_UILaunchStoryboardName = LaunchScreen;
				INFOPLIST_KEY_UIMainStoryboardFile = Main;
				INFOPLIST_KEY_UISupportedInterfaceOrientations = "UIInterfaceOrientationPortrait UIInterfaceOrientationLandscapeLeft UIInterfaceOrientationLandscapeRight";
				INFOPLIST_KEY_UISupportedInterfaceOrientations_iPad = "UIInterfaceOrientationPortrait UIInterfaceOrientationPortraitUpsideDown UIInterfaceOrientationLandscapeLeft UIInterfaceOrientationLandscapeRight";
				INFOPLIST_KEY_UISupportedInterfaceOrientations_iPhone = "UIInterfaceOrientationPortrait UIInterfaceOrientationLandscapeLeft UIInterfaceOrientationLandscapeRight";
				LD_RUNPATH_SEARCH_PATHS = (
					"$(inherited)",
					"@executable_path/Frameworks",
				);
				MARKETING_VERSION = 1.0;
				PRODUCT_BUNDLE_IDENTIFIER = canberk.yilmaz439.MementoNotes;
				PRODUCT_NAME = "$(TARGET_NAME)";
				SWIFT_EMIT_LOC_STRINGS = YES;
				SWIFT_VERSION = 5.0;
				TARGETED_DEVICE_FAMILY = "1,2";
			};
			name = Release;
		};
/* End XCBuildConfiguration section */

/* Begin XCConfigurationList section */
		5ED04B752996CBCD00457D1F /* Build configuration list for PBXProject "MapDiary" */ = {
			isa = XCConfigurationList;
			buildConfigurations = (
				5ED04B8F2996CBD500457D1F /* Debug */,
				5ED04B902996CBD500457D1F /* Release */,
			);
			defaultConfigurationIsVisible = 0;
			defaultConfigurationName = Release;
		};
		5ED04B912996CBD500457D1F /* Build configuration list for PBXNativeTarget "MapDiary" */ = {
			isa = XCConfigurationList;
			buildConfigurations = (
				5ED04B922996CBD500457D1F /* Debug */,
				5ED04B932996CBD500457D1F /* Release */,
			);
			defaultConfigurationIsVisible = 0;
			defaultConfigurationName = Release;
		};
/* End XCConfigurationList section */

/* Begin XCVersionGroup section */
		5ED04B862996CBCD00457D1F /* MapDiary.xcdatamodeld */ = {
			isa = XCVersionGroup;
			children = (
				5ED04B872996CBCD00457D1F /* MapDiary.xcdatamodel */,
			);
			currentVersion = 5ED04B872996CBCD00457D1F /* MapDiary.xcdatamodel */;
			path = MapDiary.xcdatamodeld;
			sourceTree = "<group>";
			versionGroupType = wrapper.xcdatamodel;
		};
/* End XCVersionGroup section */
	};
	rootObject = 5ED04B722996CBCD00457D1F /* Project object */;
}
